// !$*UTF8*$!
{
	archiveVersion = 1;
	classes = {
	};
	objectVersion = 50;
	objects = {

/* Begin PBXBuildFile section */
		4DF746C9234068D200B1643E /* AppDelegate.swift in Sources */ = {isa = PBXBuildFile; fileRef = 4DF746C8234068D200B1643E /* AppDelegate.swift */; };
		4DF746CE234068D200B1643E /* Main.storyboard in Resources */ = {isa = PBXBuildFile; fileRef = 4DF746CC234068D200B1643E /* Main.storyboard */; };
		4DF746D0234068D500B1643E /* Assets.xcassets in Resources */ = {isa = PBXBuildFile; fileRef = 4DF746CF234068D500B1643E /* Assets.xcassets */; };
		4DF746D3234068D500B1643E /* LaunchScreen.storyboard in Resources */ = {isa = PBXBuildFile; fileRef = 4DF746D1234068D500B1643E /* LaunchScreen.storyboard */; };
		4DF746DB23406AAE00B1643E /* TableViewController.swift in Sources */ = {isa = PBXBuildFile; fileRef = 4DF746DA23406AAE00B1643E /* TableViewController.swift */; };
		4DF746DD23406D0800B1643E /* Global.swift in Sources */ = {isa = PBXBuildFile; fileRef = 4DF746DC23406D0800B1643E /* Global.swift */; };
		4DF746DF23406F6B00B1643E /* ViewController.swift in Sources */ = {isa = PBXBuildFile; fileRef = 4DF746DE23406F6B00B1643E /* ViewController.swift */; };
		4DF746E22340704C00B1643E /* CoreLocation.framework in Frameworks */ = {isa = PBXBuildFile; fileRef = 4DF746E12340704C00B1643E /* CoreLocation.framework */; };
		4DF746E42340705000B1643E /* MapKit.framework in Frameworks */ = {isa = PBXBuildFile; fileRef = 4DF746E32340705000B1643E /* MapKit.framework */; };
		4DF746E62340781500B1643E /* AddViewController.swift in Sources */ = {isa = PBXBuildFile; fileRef = 4DF746E52340781500B1643E /* AddViewController.swift */; };
/* End PBXBuildFile section */

/* Begin PBXFileReference section */
		4DF746C5234068D200B1643E /* Places.app */ = {isa = PBXFileReference; explicitFileType = wrapper.application; includeInIndex = 0; path = Places.app; sourceTree = BUILT_PRODUCTS_DIR; };
		4DF746C8234068D200B1643E /* AppDelegate.swift */ = {isa = PBXFileReference; lastKnownFileType = sourcecode.swift; path = AppDelegate.swift; sourceTree = "<group>"; };
		4DF746CD234068D200B1643E /* Base */ = {isa = PBXFileReference; lastKnownFileType = file.storyboard; name = Base; path = Base.lproj/Main.storyboard; sourceTree = "<group>"; };
		4DF746CF234068D500B1643E /* Assets.xcassets */ = {isa = PBXFileReference; lastKnownFileType = folder.assetcatalog; path = Assets.xcassets; sourceTree = "<group>"; };
		4DF746D2234068D500B1643E /* Base */ = {isa = PBXFileReference; lastKnownFileType = file.storyboard; name = Base; path = Base.lproj/LaunchScreen.storyboard; sourceTree = "<group>"; };
		4DF746D4234068D500B1643E /* Info.plist */ = {isa = PBXFileReference; lastKnownFileType = text.plist.xml; path = Info.plist; sourceTree = "<group>"; };
		4DF746DA23406AAE00B1643E /* TableViewController.swift */ = {isa = PBXFileReference; lastKnownFileType = sourcecode.swift; path = TableViewController.swift; sourceTree = "<group>"; };
		4DF746DC23406D0800B1643E /* Global.swift */ = {isa = PBXFileReference; lastKnownFileType = sourcecode.swift; path = Global.swift; sourceTree = "<group>"; };
		4DF746DE23406F6B00B1643E /* ViewController.swift */ = {isa = PBXFileReference; lastKnownFileType = sourcecode.swift; path = ViewController.swift; sourceTree = "<group>"; };
		4DF746E12340704C00B1643E /* CoreLocation.framework */ = {isa = PBXFileReference; lastKnownFileType = wrapper.framework; name = CoreLocation.framework; path = System/Library/Frameworks/CoreLocation.framework; sourceTree = SDKROOT; };
		4DF746E32340705000B1643E /* MapKit.framework */ = {isa = PBXFileReference; lastKnownFileType = wrapper.framework; name = MapKit.framework; path = System/Library/Frameworks/MapKit.framework; sourceTree = SDKROOT; };
		4DF746E52340781500B1643E /* AddViewController.swift */ = {isa = PBXFileReference; lastKnownFileType = sourcecode.swift; path = AddViewController.swift; sourceTree = "<group>"; };
/* End PBXFileReference section */

/* Begin PBXFrameworksBuildPhase section */
		4DF746C2234068D200B1643E /* Frameworks */ = {
			isa = PBXFrameworksBuildPhase;
			buildActionMask = 2147483647;
			files = (
				4DF746E42340705000B1643E /* MapKit.framework in Frameworks */,
				4DF746E22340704C00B1643E /* CoreLocation.framework in Frameworks */,
			);
			runOnlyForDeploymentPostprocessing = 0;
		};
/* End PBXFrameworksBuildPhase section */

/* Begin PBXGroup section */
		4DF746BC234068D200B1643E = {
			isa = PBXGroup;
			children = (
				4DF746C7234068D200B1643E /* Places */,
				4DF746C6234068D200B1643E /* Products */,
				4DF746E02340704C00B1643E /* Frameworks */,
			);
			sourceTree = "<group>";
		};
		4DF746C6234068D200B1643E /* Products */ = {
			isa = PBXGroup;
			children = (
				4DF746C5234068D200B1643E /* Places.app */,
			);
			name = Products;
			sourceTree = "<group>";
		};
		4DF746C7234068D200B1643E /* Places */ = {
			isa = PBXGroup;
			children = (
				4DF746C8234068D200B1643E /* AppDelegate.swift */,
				4DF746DA23406AAE00B1643E /* TableViewController.swift */,
				4DF746DE23406F6B00B1643E /* ViewController.swift */,
				4DF746CC234068D200B1643E /* Main.storyboard */,
				4DF746E52340781500B1643E /* AddViewController.swift */,
				4DF746DC23406D0800B1643E /* Global.swift */,
				4DF746CF234068D500B1643E /* Assets.xcassets */,
				4DF746D1234068D500B1643E /* LaunchScreen.storyboard */,
				4DF746D4234068D500B1643E /* Info.plist */,
			);
			path = Places;
			sourceTree = "<group>";
		};
		4DF746E02340704C00B1643E /* Frameworks */ = {
			isa = PBXGroup;
			children = (
				4DF746E32340705000B1643E /* MapKit.framework */,
				4DF746E12340704C00B1643E /* CoreLocation.framework */,
			);
			name = Frameworks;
			sourceTree = "<group>";
		};
/* End PBXGroup section */

/* Begin PBXNativeTarget section */
		4DF746C4234068D200B1643E /* Places */ = {
			isa = PBXNativeTarget;
			buildConfigurationList = 4DF746D7234068D500B1643E /* Build configuration list for PBXNativeTarget "Places" */;
			buildPhases = (
				4DF746C1234068D200B1643E /* Sources */,
				4DF746C2234068D200B1643E /* Frameworks */,
				4DF746C3234068D200B1643E /* Resources */,
			);
			buildRules = (
			);
			dependencies = (
			);
			name = Places;
			productName = Places;
			productReference = 4DF746C5234068D200B1643E /* Places.app */;
			productType = "com.apple.product-type.application";
		};
/* End PBXNativeTarget section */

/* Begin PBXProject section */
		4DF746BD234068D200B1643E /* Project object */ = {
			isa = PBXProject;
			attributes = {
				LastSwiftUpdateCheck = 1020;
				LastUpgradeCheck = 1020;
				ORGANIZATIONNAME = "Arti Karnik";
				TargetAttributes = {
					4DF746C4234068D200B1643E = {
						CreatedOnToolsVersion = 10.2;
					};
				};
			};
			buildConfigurationList = 4DF746C0234068D200B1643E /* Build configuration list for PBXProject "Places" */;
			compatibilityVersion = "Xcode 9.3";
			developmentRegion = en;
			hasScannedForEncodings = 0;
			knownRegions = (
				en,
				Base,
			);
			mainGroup = 4DF746BC234068D200B1643E;
			productRefGroup = 4DF746C6234068D200B1643E /* Products */;
			projectDirPath = "";
			projectRoot = "";
			targets = (
				4DF746C4234068D200B1643E /* Places */,
			);
		};
/* End PBXProject section */

/* Begin PBXResourcesBuildPhase section */
		4DF746C3234068D200B1643E /* Resources */ = {
			isa = PBXResourcesBuildPhase;
			buildActionMask = 2147483647;
			files = (
				4DF746D3234068D500B1643E /* LaunchScreen.storyboard in Resources */,
				4DF746D0234068D500B1643E /* Assets.xcassets in Resources */,
				4DF746CE234068D200B1643E /* Main.storyboard in Resources */,
			);
			runOnlyForDeploymentPostprocessing = 0;
		};
/* End PBXResourcesBuildPhase section */

/* Begin PBXSourcesBuildPhase section */
		4DF746C1234068D200B1643E /* Sources */ = {
			isa = PBXSourcesBuildPhase;
			buildActionMask = 2147483647;
			files = (
				4DF746E62340781500B1643E /* AddViewController.swift in Sources */,
				4DF746DF23406F6B00B1643E /* ViewController.swift in Sources */,
				4DF746DD23406D0800B1643E /* Global.swift in Sources */,
				4DF746DB23406AAE00B1643E /* TableViewController.swift in Sources */,
				4DF746C9234068D200B1643E /* AppDelegate.swift in Sources */,
			);
			runOnlyForDeploymentPostprocessing = 0;
		};
/* End PBXSourcesBuildPhase section */

/* Begin PBXVariantGroup section */
		4DF746CC234068D200B1643E /* Main.storyboard */ = {
			isa = PBXVariantGroup;
			children = (
				4DF746CD234068D200B1643E /* Base */,
			);
			name = Main.storyboard;
			sourceTree = "<group>";
		};
		4DF746D1234068D500B1643E /* LaunchScreen.storyboard */ = {
			isa = PBXVariantGroup;
			children = (
				4DF746D2234068D500B1643E /* Base */,
			);
			name = LaunchScreen.storyboard;
			sourceTree = "<group>";
		};
/* End PBXVariantGroup section */

/* Begin XCBuildConfiguration section */
		4DF746D5234068D500B1643E /* Debug */ = {
			isa = XCBuildConfiguration;
			buildSettings = {
				ALWAYS_SEARCH_USER_PATHS = NO;
				CLANG_ANALYZER_NONNULL = YES;
				CLANG_ANALYZER_NUMBER_OBJECT_CONVERSION = YES_AGGRESSIVE;
				CLANG_CXX_LANGUAGE_STANDARD = "gnu++14";
				CLANG_CXX_LIBRARY = "libc++";
				CLANG_ENABLE_MODULES = YES;
				CLANG_ENABLE_OBJC_ARC = YES;
				CLANG_ENABLE_OBJC_WEAK = YES;
				CLANG_WARN_BLOCK_CAPTURE_AUTORELEASING = YES;
				CLANG_WARN_BOOL_CONVERSION = YES;
				CLANG_WARN_COMMA = YES;
				CLANG_WARN_CONSTANT_CONVERSION = YES;
				CLANG_WARN_DEPRECATED_OBJC_IMPLEMENTATIONS = YES;
				CLANG_WARN_DIRECT_OBJC_ISA_USAGE = YES_ERROR;
				CLANG_WARN_DOCUMENTATION_COMMENTS = YES;
				CLANG_WARN_EMPTY_BODY = YES;
				CLANG_WARN_ENUM_CONVERSION = YES;
				CLANG_WARN_INFINITE_RECURSION = YES;
				CLANG_WARN_INT_CONVERSION = YES;
				CLANG_WARN_NON_LITERAL_NULL_CONVERSION = YES;
				CLANG_WARN_OBJC_IMPLICIT_RETAIN_SELF = YES;
				CLANG_WARN_OBJC_LITERAL_CONVERSION = YES;
				CLANG_WARN_OBJC_ROOT_CLASS = YES_ERROR;
				CLANG_WARN_RANGE_LOOP_ANALYSIS = YES;
				CLANG_WARN_STRICT_PROTOTYPES = YES;
				CLANG_WARN_SUSPICIOUS_MOVE = YES;
				CLANG_WARN_UNGUARDED_AVAILABILITY = YES_AGGRESSIVE;
				CLANG_WARN_UNREACHABLE_CODE = YES;
				CLANG_WARN__DUPLICATE_METHOD_MATCH = YES;
				CODE_SIGN_IDENTITY = "iPhone Developer";
				COPY_PHASE_STRIP = NO;
				DEBUG_INFORMATION_FORMAT = dwarf;
				ENABLE_STRICT_OBJC_MSGSEND = YES;
				ENABLE_TESTABILITY = YES;
				GCC_C_LANGUAGE_STANDARD = gnu11;
				GCC_DYNAMIC_NO_PIC = NO;
				GCC_NO_COMMON_BLOCKS = YES;
				GCC_OPTIMIZATION_LEVEL = 0;
				GCC_PREPROCESSOR_DEFINITIONS = (
					"DEBUG=1",
					"$(inherited)",
				);
				GCC_WARN_64_TO_32_BIT_CONVERSION = YES;
				GCC_WARN_ABOUT_RETURN_TYPE = YES_ERROR;
				GCC_WARN_UNDECLARED_SELECTOR = YES;
				GCC_WARN_UNINITIALIZED_AUTOS = YES_AGGRESSIVE;
				GCC_WARN_UNUSED_FUNCTION = YES;
				GCC_WARN_UNUSED_VARIABLE = YES;
				IPHONEOS_DEPLOYMENT_TARGET = 12.2;
				MTL_ENABLE_DEBUG_INFO = INCLUDE_SOURCE;
				MTL_FAST_MATH = YES;
				ONLY_ACTIVE_ARCH = YES;
				SDKROOT = iphoneos;
				SWIFT_ACTIVE_COMPILATION_CONDITIONS = DEBUG;
				SWIFT_OPTIMIZATION_LEVEL = "-Onone";
			};
			name = Debug;
		};
		4DF746D6234068D500B1643E /* Release */ = {
			isa = XCBuildConfiguration;
			buildSettings = {
				ALWAYS_SEARCH_USER_PATHS = NO;
				CLANG_ANALYZER_NONNULL = YES;
				CLANG_ANALYZER_NUMBER_OBJECT_CONVERSION = YES_AGGRESSIVE;
				CLANG_CXX_LANGUAGE_STANDARD = "gnu++14";
				CLANG_CXX_LIBRARY = "libc++";
				CLANG_ENABLE_MODULES = YES;
				CLANG_ENABLE_OBJC_ARC = YES;
				CLANG_ENABLE_OBJC_WEAK = YES;
				CLANG_WARN_BLOCK_CAPTURE_AUTORELEASING = YES;
				CLANG_WARN_BOOL_CONVERSION = YES;
				CLANG_WARN_COMMA = YES;
				CLANG_WARN_CONSTANT_CONVERSION = YES;
				CLANG_WARN_DEPRECATED_OBJC_IMPLEMENTATIONS = YES;
				CLANG_WARN_DIRECT_OBJC_ISA_USAGE = YES_ERROR;
				CLANG_WARN_DOCUMENTATION_COMMENTS = YES;
				CLANG_WARN_EMPTY_BODY = YES;
				CLANG_WARN_ENUM_CONVERSION = YES;
				CLANG_WARN_INFINITE_RECURSION = YES;
				CLANG_WARN_INT_CONVERSION = YES;
				CLANG_WARN_NON_LITERAL_NULL_CONVERSION = YES;
				CLANG_WARN_OBJC_IMPLICIT_RETAIN_SELF = YES;
				CLANG_WARN_OBJC_LITERAL_CONVERSION = YES;
				CLANG_WARN_OBJC_ROOT_CLASS = YES_ERROR;
				CLANG_WARN_RANGE_LOOP_ANALYSIS = YES;
				CLANG_WARN_STRICT_PROTOTYPES = YES;
				CLANG_WARN_SUSPICIOUS_MOVE = YES;
				CLANG_WARN_UNGUARDED_AVAILABILITY = YES_AGGRESSIVE;
				CLANG_WARN_UNREACHABLE_CODE = YES;
				CLANG_WARN__DUPLICATE_METHOD_MATCH = YES;
				CODE_SIGN_IDENTITY = "iPhone Developer";
				COPY_PHASE_STRIP = NO;
				DEBUG_INFORMATION_FORMAT = "dwarf-with-dsym";
				ENABLE_NS_ASSERTIONS = NO;
				ENABLE_STRICT_OBJC_MSGSEND = YES;
				GCC_C_LANGUAGE_STANDARD = gnu11;
				GCC_NO_COMMON_BLOCKS = YES;
				GCC_WARN_64_TO_32_BIT_CONVERSION = YES;
				GCC_WARN_ABOUT_RETURN_TYPE = YES_ERROR;
				GCC_WARN_UNDECLARED_SELECTOR = YES;
				GCC_WARN_UNINITIALIZED_AUTOS = YES_AGGRESSIVE;
				GCC_WARN_UNUSED_FUNCTION = YES;
				GCC_WARN_UNUSED_VARIABLE = YES;
				IPHONEOS_DEPLOYMENT_TARGET = 12.2;
				MTL_ENABLE_DEBUG_INFO = NO;
				MTL_FAST_MATH = YES;
				SDKROOT = iphoneos;
				SWIFT_COMPILATION_MODE = wholemodule;
				SWIFT_OPTIMIZATION_LEVEL = "-O";
				VALIDATE_PRODUCT = YES;
			};
			name = Release;
		};
		4DF746D8234068D500B1643E /* Debug */ = {
			isa = XCBuildConfiguration;
			buildSettings = {
				ASSETCATALOG_COMPILER_APPICON_NAME = AppIcon;
				CODE_SIGN_STYLE = Automatic;
				INFOPLIST_FILE = Places/Info.plist;
				LD_RUNPATH_SEARCH_PATHS = (
					"$(inherited)",
					"@executable_path/Frameworks",
				);
				PRODUCT_BUNDLE_IDENTIFIER = com.arti.com.Places;
				PRODUCT_NAME = "$(TARGET_NAME)";
				SWIFT_VERSION = 5.0;
				TARGETED_DEVICE_FAMILY = "1,2";
			};
			name = Debug;
		};
		4DF746D9234068D500B1643E /* Release */ = {
			isa = XCBuildConfiguration;
			buildSettings = {
				ASSETCATALOG_COMPILER_APPICON_NAME = AppIcon;
				CODE_SIGN_STYLE = Automatic;
				INFOPLIST_FILE = Places/Info.plist;
				LD_RUNPATH_SEARCH_PATHS = (
					"$(inherited)",
					"@executable_path/Frameworks",
				);
				PRODUCT_BUNDLE_IDENTIFIER = com.arti.com.Places;
				PRODUCT_NAME = "$(TARGET_NAME)";
				SWIFT_VERSION = 5.0;
				TARGETED_DEVICE_FAMILY = "1,2";
			};
			name = Release;
		};
/* End XCBuildConfiguration section */

/* Begin XCConfigurationList section */
		4DF746C0234068D200B1643E /* Build configuration list for PBXProject "Places" */ = {
			isa = XCConfigurationList;
			buildConfigurations = (
				4DF746D5234068D500B1643E /* Debug */,
				4DF746D6234068D500B1643E /* Release */,
			);
			defaultConfigurationIsVisible = 0;
			defaultConfigurationName = Release;
		};
		4DF746D7234068D500B1643E /* Build configuration list for PBXNativeTarget "Places" */ = {
			isa = XCConfigurationList;
			buildConfigurations = (
				4DF746D8234068D500B1643E /* Debug */,
				4DF746D9234068D500B1643E /* Release */,
			);
			defaultConfigurationIsVisible = 0;
			defaultConfigurationName = Release;
		};
/* End XCConfigurationList section */
	};
	rootObject = 4DF746BD234068D200B1643E /* Project object */;
}
